<?xml version="1.0" encoding="utf-8"?>
<Project ToolsVersion="4.0" xmlns="http://schemas.microsoft.com/developer/msbuild/2003">
  <ItemGroup>
    <Filter Include="Source Files">
      <UniqueIdentifier>{4FC737F1-C7A5-4376-A066-2A32D752A2FF}</UniqueIdentifier>
      <Extensions>cpp;c;cc;cxx;def;odl;idl;hpj;bat;asm;asmx</Extensions>
    </Filter>
    <Filter Include="Header Files">
      <UniqueIdentifier>{93995380-89BD-4b04-88EB-625FBE52EBFB}</UniqueIdentifier>
      <Extensions>h;hh;hpp;hxx;hm;inl;inc;xsd</Extensions>
    </Filter>
    <Filter Include="Resource Files">
      <UniqueIdentifier>{67DA6AB6-F800-4c08-8B7A-83BB121AAD01}</UniqueIdentifier>
      <Extensions>rc;ico;cur;bmp;dlg;rc2;rct;bin;rgs;gif;jpg;jpeg;jpe;resx;tiff;tif;png;wav;mfcribbon-ms</Extensions>
    </Filter>
  </ItemGroup>
  <ItemGroup>
    <None Include="Robot_9_Tank.ino" />
    <None Include="cpp.hint" />
  </ItemGroup>
  <ItemGroup>
    <ClInclude Include="__vm\.Robot_9_Tank.vsarduino.h">
      <Filter>Header Files</Filter>
    </ClInclude>
    <ClInclude Include="IMU.h">
      <Filter>Header Files</Filter>
    </ClInclude>
    <ClInclude Include="Movement.h">
      <Filter>Header Files</Filter>
    </ClInclude>
    <ClInclude Include="Robot_9_Tank.h">
      <Filter>Header Files</Filter>
    </ClInclude>
    <ClInclude Include="Sonar.h">
      <Filter>Header Files</Filter>
    </ClInclude>
    <ClInclude Include="StateBacking.h">
      <Filter>Header Files</Filter>
    </ClInclude>
    <ClInclude Include="StateBackupToAvoidObstacle.h">
      <Filter>Header Files</Filter>
    </ClInclude>
    <ClInclude Include="StateMoving.h">
      <Filter>Header Files</Filter>
    </ClInclude>
    <ClInclude Include="StateReversingDirection.h">
      <Filter>Header Files</Filter>
    </ClInclude>
    <ClInclude Include="States.h">
      <Filter>Header Files</Filter>
    </ClInclude>
    <ClInclude Include="StateScanForNewDirection.h">
      <Filter>Header Files</Filter>
    </ClInclude>
    <ClInclude Include="StateStopped.h">
      <Filter>Header Files</Filter>
    </ClInclude>
    <ClInclude Include="TaskBackup.h">
      <Filter>Header Files</Filter>
    </ClInclude>
    <ClInclude Include="TaskIRRemote.h">
      <Filter>Header Files</Filter>
    </ClInclude>
    <ClInclude Include="TaskNearObstacleDetection.h">
      <Filter>Header Files</Filter>
    </ClInclude>
    <ClInclude Include="Tasks.h">
      <Filter>Header Files</Filter>
    </ClInclude>
    <ClInclude Include="TaskScanSonar.h">
      <Filter>Header Files</Filter>
    </ClInclude>
    <ClInclude Include="TaskSpin.h">
      <Filter>Header Files</Filter>
    </ClInclude>
    <ClInclude Include="TaskStepDetection.h">
      <Filter>Header Files</Filter>
    </ClInclude>
    <ClInclude Include="TaskTurn.h">
      <Filter>Header Files</Filter>
    </ClInclude>
    <ClInclude Include="TaskCorrectCourse.h">
      <Filter>Header Files</Filter>
    </ClInclude>
  </ItemGroup>
  <ItemGroup>
    <ClCompile Include="IMU.cpp">
      <Filter>Source Files</Filter>
    </ClCompile>
    <ClCompile Include="Movement.cpp">
      <Filter>Source Files</Filter>
    </ClCompile>
    <ClCompile Include="Sonar.cpp">
      <Filter>Source Files</Filter>
    </ClCompile>
    <ClCompile Include="StateBacking.cpp">
      <Filter>Source Files</Filter>
    </ClCompile>
    <ClCompile Include="StateBackupToAvoidObstacle.cpp">
      <Filter>Source Files</Filter>
    </ClCompile>
    <ClCompile Include="StateMoving.cpp">
      <Filter>Source Files</Filter>
    </ClCompile>
    <ClCompile Include="StateReversingDirection.cpp">
      <Filter>Source Files</Filter>
    </ClCompile>
    <ClCompile Include="StateScanForNewDirection.cpp">
      <Filter>Source Files</Filter>
    </ClCompile>
    <ClCompile Include="StateStopped.cpp">
      <Filter>Source Files</Filter>
    </ClCompile>
    <ClCompile Include="TaskBackup.cpp">
      <Filter>Source Files</Filter>
    </ClCompile>
    <ClCompile Include="TaskIRRemote.cpp">
      <Filter>Source Files</Filter>
    </ClCompile>
    <ClCompile Include="TaskNearObstacleDetection.cpp">
      <Filter>Source Files</Filter>
    </ClCompile>
    <ClCompile Include="TaskScanSonar.cpp">
      <Filter>Source Files</Filter>
    </ClCompile>
    <ClCompile Include="TaskSpin.cpp">
      <Filter>Source Files</Filter>
    </ClCompile>
    <ClCompile Include="TaskStepDetection.cpp">
      <Filter>Source Files</Filter>
    </ClCompile>
    <ClCompile Include="TaskTurn.cpp">
      <Filter>Source Files</Filter>
    </ClCompile>
    <ClCompile Include="TaskCorrectCourse.cpp">
      <Filter>Source Files</Filter>
    </ClCompile>
  </ItemGroup>
</Project>